
Microsoft Visual Studio Solution File, Format Version 12.00
Project("{FAE04EC0-301F-11D3-BF4B-00C04F79EFBC}") = "ORIS_Exam_4sem", "ORIS_Exam_4sem\ORIS_Exam_4sem.csproj", "{63480B83-16A1-46A8-AD22-622F73E4A8F6}"
EndProject
Project("{2150E333-8FDC-42A3-9474-1A3956D46DE8}") = "Infrastructure", "Infrastructure", "{C7B593C6-B70A-4569-8E01-25EF480380CC}"
EndProject
Project("{FAE04EC0-301F-11D3-BF4B-00C04F79EFBC}") = "Persistence", "Persistence\Persistence.csproj", "{6DFC45F3-A4A2-40F2-8E10-B58D6C8C0E49}"
EndProject
Project("{2150E333-8FDC-42A3-9474-1A3956D46DE8}") = "Core", "Core", "{0D5CBA41-0304-4FAA-95BF-E9FD66EAA9C5}"
EndProject
Project("{FAE04EC0-301F-11D3-BF4B-00C04F79EFBC}") = "Contracts", "Contracts\Contracts.csproj", "{44B86DBC-BB68-40C9-8946-76A3ACB8C720}"
EndProject
Project("{FAE04EC0-301F-11D3-BF4B-00C04F79EFBC}") = "Domain", "Domain\Domain.csproj", "{7C1BF355-8BB4-43AE-981E-E9D32437049D}"
EndProject
Project("{FAE04EC0-301F-11D3-BF4B-00C04F79EFBC}") = "Services.Abstraction", "Services.Abstraction\Services.Abstraction.csproj", "{BA51E903-964A-4EB5-A93C-BAFE45E3C40D}"
EndProject
Project("{FAE04EC0-301F-11D3-BF4B-00C04F79EFBC}") = "Services", "Services\Services.csproj", "{0D056B84-78DB-47F5-9F99-1988EF323697}"
EndProject
Global
	GlobalSection(SolutionConfigurationPlatforms) = preSolution
		Debug|Any CPU = Debug|Any CPU
		Release|Any CPU = Release|Any CPU
	EndGlobalSection
	GlobalSection(ProjectConfigurationPlatforms) = postSolution
		{63480B83-16A1-46A8-AD22-622F73E4A8F6}.Debug|Any CPU.ActiveCfg = Debug|Any CPU
		{63480B83-16A1-46A8-AD22-622F73E4A8F6}.Debug|Any CPU.Build.0 = Debug|Any CPU
		{63480B83-16A1-46A8-AD22-622F73E4A8F6}.Release|Any CPU.ActiveCfg = Release|Any CPU
		{63480B83-16A1-46A8-AD22-622F73E4A8F6}.Release|Any CPU.Build.0 = Release|Any CPU
		{6DFC45F3-A4A2-40F2-8E10-B58D6C8C0E49}.Debug|Any CPU.ActiveCfg = Debug|Any CPU
		{6DFC45F3-A4A2-40F2-8E10-B58D6C8C0E49}.Debug|Any CPU.Build.0 = Debug|Any CPU
		{6DFC45F3-A4A2-40F2-8E10-B58D6C8C0E49}.Release|Any CPU.ActiveCfg = Release|Any CPU
		{6DFC45F3-A4A2-40F2-8E10-B58D6C8C0E49}.Release|Any CPU.Build.0 = Release|Any CPU
		{44B86DBC-BB68-40C9-8946-76A3ACB8C720}.Debug|Any CPU.ActiveCfg = Debug|Any CPU
		{44B86DBC-BB68-40C9-8946-76A3ACB8C720}.Debug|Any CPU.Build.0 = Debug|Any CPU
		{44B86DBC-BB68-40C9-8946-76A3ACB8C720}.Release|Any CPU.ActiveCfg = Release|Any CPU
		{44B86DBC-BB68-40C9-8946-76A3ACB8C720}.Release|Any CPU.Build.0 = Release|Any CPU
		{7C1BF355-8BB4-43AE-981E-E9D32437049D}.Debug|Any CPU.ActiveCfg = Debug|Any CPU
		{7C1BF355-8BB4-43AE-981E-E9D32437049D}.Debug|Any CPU.Build.0 = Debug|Any CPU
		{7C1BF355-8BB4-43AE-981E-E9D32437049D}.Release|Any CPU.ActiveCfg = Release|Any CPU
		{7C1BF355-8BB4-43AE-981E-E9D32437049D}.Release|Any CPU.Build.0 = Release|Any CPU
		{BA51E903-964A-4EB5-A93C-BAFE45E3C40D}.Debug|Any CPU.ActiveCfg = Debug|Any CPU
		{BA51E903-964A-4EB5-A93C-BAFE45E3C40D}.Debug|Any CPU.Build.0 = Debug|Any CPU
		{BA51E903-964A-4EB5-A93C-BAFE45E3C40D}.Release|Any CPU.ActiveCfg = Release|Any CPU
		{BA51E903-964A-4EB5-A93C-BAFE45E3C40D}.Release|Any CPU.Build.0 = Release|Any CPU
		{0D056B84-78DB-47F5-9F99-1988EF323697}.Debug|Any CPU.ActiveCfg = Debug|Any CPU
		{0D056B84-78DB-47F5-9F99-1988EF323697}.Debug|Any CPU.Build.0 = Debug|Any CPU
		{0D056B84-78DB-47F5-9F99-1988EF323697}.Release|Any CPU.ActiveCfg = Release|Any CPU
		{0D056B84-78DB-47F5-9F99-1988EF323697}.Release|Any CPU.Build.0 = Release|Any CPU
	EndGlobalSection
	GlobalSection(NestedProjects) = preSolution
		{6DFC45F3-A4A2-40F2-8E10-B58D6C8C0E49} = {C7B593C6-B70A-4569-8E01-25EF480380CC}
		{44B86DBC-BB68-40C9-8946-76A3ACB8C720} = {0D5CBA41-0304-4FAA-95BF-E9FD66EAA9C5}
		{7C1BF355-8BB4-43AE-981E-E9D32437049D} = {0D5CBA41-0304-4FAA-95BF-E9FD66EAA9C5}
		{BA51E903-964A-4EB5-A93C-BAFE45E3C40D} = {0D5CBA41-0304-4FAA-95BF-E9FD66EAA9C5}
		{0D056B84-78DB-47F5-9F99-1988EF323697} = {0D5CBA41-0304-4FAA-95BF-E9FD66EAA9C5}
	EndGlobalSection
EndGlobal
